
Microsoft Visual Studio Solution File, Format Version 12.00
# Visual Studio Version 16
VisualStudioVersion = 16.0.31205.134
MinimumVisualStudioVersion = 10.0.40219.1
Project("{9A19103F-16F7-4668-BE54-9A1E7A4F7556}") = "Fibula.Plugins.Database.SqlServer", "Fibula.Plugins.Database.SqlServer\Fibula.Plugins.Database.SqlServer.csproj", "{4E13FCF6-2BA4-4A18-9BA9-94EC82E64EA0}"
EndProject
Global
	GlobalSection(SolutionConfigurationPlatforms) = preSolution
		Debug|Any CPU = Debug|Any CPU
		Release|Any CPU = Release|Any CPU
	EndGlobalSection
	GlobalSection(ProjectConfigurationPlatforms) = postSolution
		{4E13FCF6-2BA4-4A18-9BA9-94EC82E64EA0}.Debug|Any CPU.ActiveCfg = Debug|Any CPU
		{4E13FCF6-2BA4-4A18-9BA9-94EC82E64EA0}.Debug|Any CPU.Build.0 = Debug|Any CPU
		{4E13FCF6-2BA4-4A18-9BA9-94EC82E64EA0}.Release|Any CPU.ActiveCfg = Release|Any CPU
		{4E13FCF6-2BA4-4A18-9BA9-94EC82E64EA0}.Release|Any CPU.Build.0 = Release|Any CPU
	EndGlobalSection
	GlobalSection(SolutionProperties) = preSolution
		HideSolutionNode = FALSE
	EndGlobalSection
	GlobalSection(ExtensibilityGlobals) = postSolution
		SolutionGuid = {DBB249BC-547A-42A2-A767-2874A2F911C3}
	EndGlobalSection
EndGlobal
